
Microsoft Visual Studio Solution File, Format Version 12.00
# Visual Studio 15
VisualStudioVersion = 15.0.26730.12
MinimumVisualStudioVersion = 10.0.40219.1
Project("{FAE04EC0-301F-11D3-BF4B-00C04F79EFBC}") = "caeDBManager", "caeDBManager\caeDBManager.csproj", "{4F8F76E5-2EAF-4DCA-A92D-B265DB95F55B}"
EndProject
Project("{840C416C-B8F3-42BC-B0DD-F6BB14C9F8CB}") = "Work Study Tracker Setup", "Work Study Tracker Setup\Work Study Tracker Setup.aiproj", "{F34A596F-DE8B-4237-AD66-DBA2AD244FD6}"
EndProject
Global
	GlobalSection(SolutionConfigurationPlatforms) = preSolution
		Debug|Any CPU = Debug|Any CPU
		Debug|x86 = Debug|x86
		DefaultBuild|Any CPU = DefaultBuild|Any CPU
		DefaultBuild|x86 = DefaultBuild|x86
		Release|Any CPU = Release|Any CPU
		Release|x86 = Release|x86
	EndGlobalSection
	GlobalSection(ProjectConfigurationPlatforms) = postSolution
		{4F8F76E5-2EAF-4DCA-A92D-B265DB95F55B}.Debug|Any CPU.ActiveCfg = Debug|Any CPU
		{4F8F76E5-2EAF-4DCA-A92D-B265DB95F55B}.Debug|Any CPU.Build.0 = Debug|Any CPU
		{4F8F76E5-2EAF-4DCA-A92D-B265DB95F55B}.Debug|x86.ActiveCfg = Debug|x86
		{4F8F76E5-2EAF-4DCA-A92D-B265DB95F55B}.Debug|x86.Build.0 = Debug|x86
		{4F8F76E5-2EAF-4DCA-A92D-B265DB95F55B}.DefaultBuild|Any CPU.ActiveCfg = Debug|Any CPU
		{4F8F76E5-2EAF-4DCA-A92D-B265DB95F55B}.DefaultBuild|Any CPU.Build.0 = Debug|Any CPU
		{4F8F76E5-2EAF-4DCA-A92D-B265DB95F55B}.DefaultBuild|x86.ActiveCfg = Debug|x86
		{4F8F76E5-2EAF-4DCA-A92D-B265DB95F55B}.DefaultBuild|x86.Build.0 = Debug|x86
		{4F8F76E5-2EAF-4DCA-A92D-B265DB95F55B}.Release|Any CPU.ActiveCfg = Release|Any CPU
		{4F8F76E5-2EAF-4DCA-A92D-B265DB95F55B}.Release|Any CPU.Build.0 = Release|Any CPU
		{4F8F76E5-2EAF-4DCA-A92D-B265DB95F55B}.Release|x86.ActiveCfg = Release|x86
		{4F8F76E5-2EAF-4DCA-A92D-B265DB95F55B}.Release|x86.Build.0 = Release|x86
		{F34A596F-DE8B-4237-AD66-DBA2AD244FD6}.Debug|Any CPU.ActiveCfg = DefaultBuild
		{F34A596F-DE8B-4237-AD66-DBA2AD244FD6}.Debug|Any CPU.Build.0 = DefaultBuild
		{F34A596F-DE8B-4237-AD66-DBA2AD244FD6}.Debug|x86.ActiveCfg = DefaultBuild
		{F34A596F-DE8B-4237-AD66-DBA2AD244FD6}.Debug|x86.Build.0 = DefaultBuild
		{F34A596F-DE8B-4237-AD66-DBA2AD244FD6}.DefaultBuild|Any CPU.ActiveCfg = DefaultBuild
		{F34A596F-DE8B-4237-AD66-DBA2AD244FD6}.DefaultBuild|Any CPU.Build.0 = DefaultBuild
		{F34A596F-DE8B-4237-AD66-DBA2AD244FD6}.DefaultBuild|x86.ActiveCfg = DefaultBuild
		{F34A596F-DE8B-4237-AD66-DBA2AD244FD6}.DefaultBuild|x86.Build.0 = DefaultBuild
		{F34A596F-DE8B-4237-AD66-DBA2AD244FD6}.Release|Any CPU.ActiveCfg = DefaultBuild
		{F34A596F-DE8B-4237-AD66-DBA2AD244FD6}.Release|Any CPU.Build.0 = DefaultBuild
		{F34A596F-DE8B-4237-AD66-DBA2AD244FD6}.Release|x86.ActiveCfg = DefaultBuild
		{F34A596F-DE8B-4237-AD66-DBA2AD244FD6}.Release|x86.Build.0 = DefaultBuild
	EndGlobalSection
	GlobalSection(SolutionProperties) = preSolution
		HideSolutionNode = FALSE
	EndGlobalSection
	GlobalSection(ExtensibilityGlobals) = postSolution
		SolutionGuid = {351E2ACE-AEB4-4B41-8C0B-726A8A25CF4D}
	EndGlobalSection
EndGlobal
